// !$*UTF8*$!
{
	archiveVersion = 1;
	classes = {
	};
	objectVersion = 50;
	objects = {

/* Begin PBXBuildFile section */
		AA227FD720973CD9003C510F /* AppDelegate.swift in Sources */ = {isa = PBXBuildFile; fileRef = AA227FD620973CD9003C510F /* AppDelegate.swift */; };
		AA227FD920973CD9003C510F /* ViewController.swift in Sources */ = {isa = PBXBuildFile; fileRef = AA227FD820973CD9003C510F /* ViewController.swift */; };
		AA227FDC20973CD9003C510F /* Main.storyboard in Resources */ = {isa = PBXBuildFile; fileRef = AA227FDA20973CD9003C510F /* Main.storyboard */; };
		AA227FDE20973CDB003C510F /* Assets.xcassets in Resources */ = {isa = PBXBuildFile; fileRef = AA227FDD20973CDB003C510F /* Assets.xcassets */; };
		AA227FE120973CDB003C510F /* LaunchScreen.storyboard in Resources */ = {isa = PBXBuildFile; fileRef = AA227FDF20973CDB003C510F /* LaunchScreen.storyboard */; };
		AA227FEC20973CDB003C510F /* FirstAppSwiftTests.swift in Sources */ = {isa = PBXBuildFile; fileRef = AA227FEB20973CDB003C510F /* FirstAppSwiftTests.swift */; };
		AA227FF720973CDB003C510F /* FirstAppSwiftUITests.swift in Sources */ = {isa = PBXBuildFile; fileRef = AA227FF620973CDB003C510F /* FirstAppSwiftUITests.swift */; };
/* End PBXBuildFile section */

/* Begin PBXContainerItemProxy section */
		AA227FE820973CDB003C510F /* PBXContainerItemProxy */ = {
			isa = PBXContainerItemProxy;
			containerPortal = AA227FCB20973CD9003C510F /* Project object */;
			proxyType = 1;
			remoteGlobalIDString = AA227FD220973CD9003C510F;
			remoteInfo = FirstAppSwift;
		};
		AA227FF320973CDB003C510F /* PBXContainerItemProxy */ = {
			isa = PBXContainerItemProxy;
			containerPortal = AA227FCB20973CD9003C510F /* Project object */;
			proxyType = 1;
			remoteGlobalIDString = AA227FD220973CD9003C510F;
			remoteInfo = FirstAppSwift;
		};
/* End PBXContainerItemProxy section */

/* Begin PBXFileReference section */
		AA227FD320973CD9003C510F /* FirstAppSwift.app */ = {isa = PBXFileReference; explicitFileType = wrapper.application; includeInIndex = 0; path = FirstAppSwift.app; sourceTree = BUILT_PRODUCTS_DIR; };
		AA227FD620973CD9003C510F /* AppDelegate.swift */ = {isa = PBXFileReference; lastKnownFileType = sourcecode.swift; path = AppDelegate.swift; sourceTree = "<group>"; };
		AA227FD820973CD9003C510F /* ViewController.swift */ = {isa = PBXFileReference; lastKnownFileType = sourcecode.swift; path = ViewController.swift; sourceTree = "<group>"; };
		AA227FDB20973CD9003C510F /* Base */ = {isa = PBXFileReference; lastKnownFileType = file.storyboard; name = Base; path = Base.lproj/Main.storyboard; sourceTree = "<group>"; };
		AA227FDD20973CDB003C510F /* Assets.xcassets */ = {isa = PBXFileReference; lastKnownFileType = folder.assetcatalog; path = Assets.xcassets; sourceTree = "<group>"; };
		AA227FE020973CDB003C510F /* Base */ = {isa = PBXFileReference; lastKnownFileType = file.storyboard; name = Base; path = Base.lproj/LaunchScreen.storyboard; sourceTree = "<group>"; };
		AA227FE220973CDB003C510F /* Info.plist */ = {isa = PBXFileReference; lastKnownFileType = text.plist.xml; path = Info.plist; sourceTree = "<group>"; };
		AA227FE720973CDB003C510F /* FirstAppSwiftTests.xctest */ = {isa = PBXFileReference; explicitFileType = wrapper.cfbundle; includeInIndex = 0; path = FirstAppSwiftTests.xctest; sourceTree = BUILT_PRODUCTS_DIR; };
		AA227FEB20973CDB003C510F /* FirstAppSwiftTests.swift */ = {isa = PBXFileReference; lastKnownFileType = sourcecode.swift; path = FirstAppSwiftTests.swift; sourceTree = "<group>"; };
		AA227FED20973CDB003C510F /* Info.plist */ = {isa = PBXFileReference; lastKnownFileType = text.plist.xml; path = Info.plist; sourceTree = "<group>"; };
		AA227FF220973CDB003C510F /* FirstAppSwiftUITests.xctest */ = {isa = PBXFileReference; explicitFileType = wrapper.cfbundle; includeInIndex = 0; path = FirstAppSwiftUITests.xctest; sourceTree = BUILT_PRODUCTS_DIR; };
		AA227FF620973CDB003C510F /* FirstAppSwiftUITests.swift */ = {isa = PBXFileReference; lastKnownFileType = sourcecode.swift; path = FirstAppSwiftUITests.swift; sourceTree = "<group>"; };
		AA227FF820973CDB003C510F /* Info.plist */ = {isa = PBXFileReference; lastKnownFileType = text.plist.xml; path = Info.plist; sourceTree = "<group>"; };
/* End PBXFileReference section */

/* Begin PBXFrameworksBuildPhase section */
		AA227FD020973CD9003C510F /* Frameworks */ = {
			isa = PBXFrameworksBuildPhase;
			buildActionMask = 2147483647;
			files = (
			);
			runOnlyForDeploymentPostprocessing = 0;
		};
		AA227FE420973CDB003C510F /* Frameworks */ = {
			isa = PBXFrameworksBuildPhase;
			buildActionMask = 2147483647;
			files = (
			);
			runOnlyForDeploymentPostprocessing = 0;
		};
		AA227FEF20973CDB003C510F /* Frameworks */ = {
			isa = PBXFrameworksBuildPhase;
			buildActionMask = 2147483647;
			files = (
			);
			runOnlyForDeploymentPostprocessing = 0;
		};
/* End PBXFrameworksBuildPhase section */

/* Begin PBXGroup section */
		AA227FCA20973CD9003C510F = {
			isa = PBXGroup;
			children = (
				AA227FD520973CD9003C510F /* FirstAppSwift */,
				AA227FEA20973CDB003C510F /* FirstAppSwiftTests */,
				AA227FF520973CDB003C510F /* FirstAppSwiftUITests */,
				AA227FD420973CD9003C510F /* Products */,
			);
			sourceTree = "<group>";
		};
		AA227FD420973CD9003C510F /* Products */ = {
			isa = PBXGroup;
			children = (
				AA227FD320973CD9003C510F /* FirstAppSwift.app */,
				AA227FE720973CDB003C510F /* FirstAppSwiftTests.xctest */,
				AA227FF220973CDB003C510F /* FirstAppSwiftUITests.xctest */,
			);
			name = Products;
			sourceTree = "<group>";
		};
		AA227FD520973CD9003C510F /* FirstAppSwift */ = {
			isa = PBXGroup;
			children = (
				AA227FD620973CD9003C510F /* AppDelegate.swift */,
				AA227FD820973CD9003C510F /* ViewController.swift */,
				AA227FDA20973CD9003C510F /* Main.storyboard */,
				AA227FDD20973CDB003C510F /* Assets.xcassets */,
				AA227FDF20973CDB003C510F /* LaunchScreen.storyboard */,
				AA227FE220973CDB003C510F /* Info.plist */,
			);
			path = FirstAppSwift;
			sourceTree = "<group>";
		};
		AA227FEA20973CDB003C510F /* FirstAppSwiftTests */ = {
			isa = PBXGroup;
			children = (
				AA227FEB20973CDB003C510F /* FirstAppSwiftTests.swift */,
				AA227FED20973CDB003C510F /* Info.plist */,
			);
			path = FirstAppSwiftTests;
			sourceTree = "<group>";
		};
		AA227FF520973CDB003C510F /* FirstAppSwiftUITests */ = {
			isa = PBXGroup;
			children = (
				AA227FF620973CDB003C510F /* FirstAppSwiftUITests.swift */,
				AA227FF820973CDB003C510F /* Info.plist */,
			);
			path = FirstAppSwiftUITests;
			sourceTree = "<group>";
		};
/* End PBXGroup section */

/* Begin PBXNativeTarget section */
		AA227FD220973CD9003C510F /* FirstAppSwift */ = {
			isa = PBXNativeTarget;
			buildConfigurationList = AA227FFB20973CDB003C510F /* Build configuration list for PBXNativeTarget "FirstAppSwift" */;
			buildPhases = (
				AA227FCF20973CD9003C510F /* Sources */,
				AA227FD020973CD9003C510F /* Frameworks */,
				AA227FD120973CD9003C510F /* Resources */,
			);
			buildRules = (
			);
			dependencies = (
			);
			name = FirstAppSwift;
			productName = FirstAppSwift;
			productReference = AA227FD320973CD9003C510F /* FirstAppSwift.app */;
			productType = "com.apple.product-type.application";
		};
		AA227FE620973CDB003C510F /* FirstAppSwiftTests */ = {
			isa = PBXNativeTarget;
			buildConfigurationList = AA227FFE20973CDB003C510F /* Build configuration list for PBXNativeTarget "FirstAppSwiftTests" */;
			buildPhases = (
				AA227FE320973CDB003C510F /* Sources */,
				AA227FE420973CDB003C510F /* Frameworks */,
				AA227FE520973CDB003C510F /* Resources */,
			);
			buildRules = (
			);
			dependencies = (
				AA227FE920973CDB003C510F /* PBXTargetDependency */,
			);
			name = FirstAppSwiftTests;
			productName = FirstAppSwiftTests;
			productReference = AA227FE720973CDB003C510F /* FirstAppSwiftTests.xctest */;
			productType = "com.apple.product-type.bundle.unit-test";
		};
		AA227FF120973CDB003C510F /* FirstAppSwiftUITests */ = {
			isa = PBXNativeTarget;
			buildConfigurationList = AA22800120973CDB003C510F /* Build configuration list for PBXNativeTarget "FirstAppSwiftUITests" */;
			buildPhases = (
				AA227FEE20973CDB003C510F /* Sources */,
				AA227FEF20973CDB003C510F /* Frameworks */,
				AA227FF020973CDB003C510F /* Resources */,
			);
			buildRules = (
			);
			dependencies = (
				AA227FF420973CDB003C510F /* PBXTargetDependency */,
			);
			name = FirstAppSwiftUITests;
			productName = FirstAppSwiftUITests;
			productReference = AA227FF220973CDB003C510F /* FirstAppSwiftUITests.xctest */;
			productType = "com.apple.product-type.bundle.ui-testing";
		};
/* End PBXNativeTarget section */

/* Begin PBXProject section */
		AA227FCB20973CD9003C510F /* Project object */ = {
			isa = PBXProject;
			attributes = {
				LastSwiftUpdateCheck = 0930;
				LastUpgradeCheck = 0930;
				ORGANIZATIONNAME = user138066;
				TargetAttributes = {
					AA227FD220973CD9003C510F = {
						CreatedOnToolsVersion = 9.3;
					};
					AA227FE620973CDB003C510F = {
						CreatedOnToolsVersion = 9.3;
						TestTargetID = AA227FD220973CD9003C510F;
					};
					AA227FF120973CDB003C510F = {
						CreatedOnToolsVersion = 9.3;
						TestTargetID = AA227FD220973CD9003C510F;
					};
				};
			};
			buildConfigurationList = AA227FCE20973CD9003C510F /* Build configuration list for PBXProject "FirstAppSwift" */;
			compatibilityVersion = "Xcode 9.3";
			developmentRegion = en;
			hasScannedForEncodings = 0;
			knownRegions = (
				en,
				Base,
			);
			mainGroup = AA227FCA20973CD9003C510F;
			productRefGroup = AA227FD420973CD9003C510F /* Products */;
			projectDirPath = "";
			projectRoot = "";
			targets = (
				AA227FD220973CD9003C510F /* FirstAppSwift */,
				AA227FE620973CDB003C510F /* FirstAppSwiftTests */,
				AA227FF120973CDB003C510F /* FirstAppSwiftUITests */,
			);
		};
/* End PBXProject section */

/* Begin PBXResourcesBuildPhase section */
		AA227FD120973CD9003C510F /* Resources */ = {
			isa = PBXResourcesBuildPhase;
			buildActionMask = 2147483647;
			files = (
				AA227FE120973CDB003C510F /* LaunchScreen.storyboard in Resources */,
				AA227FDE20973CDB003C510F /* Assets.xcassets in Resources */,
				AA227FDC20973CD9003C510F /* Main.storyboard in Resources */,
			);
			runOnlyForDeploymentPostprocessing = 0;
		};
		AA227FE520973CDB003C510F /* Resources */ = {
			isa = PBXResourcesBuildPhase;
			buildActionMask = 2147483647;
			files = (
			);
			runOnlyForDeploymentPostprocessing = 0;
		};
		AA227FF020973CDB003C510F /* Resources */ = {
			isa = PBXResourcesBuildPhase;
			buildActionMask = 2147483647;
			files = (
			);
			runOnlyForDeploymentPostprocessing = 0;
		};
/* End PBXResourcesBuildPhase section */

/* Begin PBXSourcesBuildPhase section */
		AA227FCF20973CD9003C510F /* Sources */ = {
			isa = PBXSourcesBuildPhase;
			buildActionMask = 2147483647;
			files = (
				AA227FD920973CD9003C510F /* ViewController.swift in Sources */,
				AA227FD720973CD9003C510F /* AppDelegate.swift in Sources */,
			);
			runOnlyForDeploymentPostprocessing = 0;
		};
		AA227FE320973CDB003C510F /* Sources */ = {
			isa = PBXSourcesBuildPhase;
			buildActionMask = 2147483647;
			files = (
				AA227FEC20973CDB003C510F /* FirstAppSwiftTests.swift in Sources */,
			);
			runOnlyForDeploymentPostprocessing = 0;
		};
		AA227FEE20973CDB003C510F /* Sources */ = {
			isa = PBXSourcesBuildPhase;
			buildActionMask = 2147483647;
			files = (
				AA227FF720973CDB003C510F /* FirstAppSwiftUITests.swift in Sources */,
			);
			runOnlyForDeploymentPostprocessing = 0;
		};
/* End PBXSourcesBuildPhase section */

/* Begin PBXTargetDependency section */
		AA227FE920973CDB003C510F /* PBXTargetDependency */ = {
			isa = PBXTargetDependency;
			target = AA227FD220973CD9003C510F /* FirstAppSwift */;
			targetProxy = AA227FE820973CDB003C510F /* PBXContainerItemProxy */;
		};
		AA227FF420973CDB003C510F /* PBXTargetDependency */ = {
			isa = PBXTargetDependency;
			target = AA227FD220973CD9003C510F /* FirstAppSwift */;
			targetProxy = AA227FF320973CDB003C510F /* PBXContainerItemProxy */;
		};
/* End PBXTargetDependency section */

/* Begin PBXVariantGroup section */
		AA227FDA20973CD9003C510F /* Main.storyboard */ = {
			isa = PBXVariantGroup;
			children = (
				AA227FDB20973CD9003C510F /* Base */,
			);
			name = Main.storyboard;
			sourceTree = "<group>";
		};
		AA227FDF20973CDB003C510F /* LaunchScreen.storyboard */ = {
			isa = PBXVariantGroup;
			children = (
				AA227FE020973CDB003C510F /* Base */,
			);
			name = LaunchScreen.storyboard;
			sourceTree = "<group>";
		};
/* End PBXVariantGroup section */

/* Begin XCBuildConfiguration section */
		AA227FF920973CDB003C510F /* Debug */ = {
			isa = XCBuildConfiguration;
			buildSettings = {
				ALWAYS_SEARCH_USER_PATHS = NO;
				CLANG_ANALYZER_NONNULL = YES;
				CLANG_ANALYZER_NUMBER_OBJECT_CONVERSION = YES_AGGRESSIVE;
				CLANG_CXX_LANGUAGE_STANDARD = "gnu++14";
				CLANG_CXX_LIBRARY = "libc++";
				CLANG_ENABLE_MODULES = YES;
				CLANG_ENABLE_OBJC_ARC = YES;
				CLANG_ENABLE_OBJC_WEAK = YES;
				CLANG_WARN_BLOCK_CAPTURE_AUTORELEASING = YES;
				CLANG_WARN_BOOL_CONVERSION = YES;
				CLANG_WARN_COMMA = YES;
				CLANG_WARN_CONSTANT_CONVERSION = YES;
				CLANG_WARN_DEPRECATED_OBJC_IMPLEMENTATIONS = YES;
				CLANG_WARN_DIRECT_OBJC_ISA_USAGE = YES_ERROR;
				CLANG_WARN_DOCUMENTATION_COMMENTS = YES;
				CLANG_WARN_EMPTY_BODY = YES;
				CLANG_WARN_ENUM_CONVERSION = YES;
				CLANG_WARN_INFINITE_RECURSION = YES;
				CLANG_WARN_INT_CONVERSION = YES;
				CLANG_WARN_NON_LITERAL_NULL_CONVERSION = YES;
				CLANG_WARN_OBJC_IMPLICIT_RETAIN_SELF = YES;
				CLANG_WARN_OBJC_LITERAL_CONVERSION = YES;
				CLANG_WARN_OBJC_ROOT_CLASS = YES_ERROR;
				CLANG_WARN_RANGE_LOOP_ANALYSIS = YES;
				CLANG_WARN_STRICT_PROTOTYPES = YES;
				CLANG_WARN_SUSPICIOUS_MOVE = YES;
				CLANG_WARN_UNGUARDED_AVAILABILITY = YES_AGGRESSIVE;
				CLANG_WARN_UNREACHABLE_CODE = YES;
				CLANG_WARN__DUPLICATE_METHOD_MATCH = YES;
				CODE_SIGN_IDENTITY = "iPhone Developer";
				COPY_PHASE_STRIP = NO;
				DEBUG_INFORMATION_FORMAT = dwarf;
				ENABLE_STRICT_OBJC_MSGSEND = YES;
				ENABLE_TESTABILITY = YES;
				GCC_C_LANGUAGE_STANDARD = gnu11;
				GCC_DYNAMIC_NO_PIC = NO;
				GCC_NO_COMMON_BLOCKS = YES;
				GCC_OPTIMIZATION_LEVEL = 0;
				GCC_PREPROCESSOR_DEFINITIONS = (
					"DEBUG=1",
					"$(inherited)",
				);
				GCC_WARN_64_TO_32_BIT_CONVERSION = YES;
				GCC_WARN_ABOUT_RETURN_TYPE = YES_ERROR;
				GCC_WARN_UNDECLARED_SELECTOR = YES;
				GCC_WARN_UNINITIALIZED_AUTOS = YES_AGGRESSIVE;
				GCC_WARN_UNUSED_FUNCTION = YES;
				GCC_WARN_UNUSED_VARIABLE = YES;
				IPHONEOS_DEPLOYMENT_TARGET = 11.3;
				MTL_ENABLE_DEBUG_INFO = YES;
				ONLY_ACTIVE_ARCH = YES;
				SDKROOT = iphoneos;
				SWIFT_ACTIVE_COMPILATION_CONDITIONS = DEBUG;
				SWIFT_OPTIMIZATION_LEVEL = "-Onone";
			};
			name = Debug;
		};
		AA227FFA20973CDB003C510F /* Release */ = {
			isa = XCBuildConfiguration;
			buildSettings = {
				ALWAYS_SEARCH_USER_PATHS = NO;
				CLANG_ANALYZER_NONNULL = YES;
				CLANG_ANALYZER_NUMBER_OBJECT_CONVERSION = YES_AGGRESSIVE;
				CLANG_CXX_LANGUAGE_STANDARD = "gnu++14";
				CLANG_CXX_LIBRARY = "libc++";
				CLANG_ENABLE_MODULES = YES;
				CLANG_ENABLE_OBJC_ARC = YES;
				CLANG_ENABLE_OBJC_WEAK = YES;
				CLANG_WARN_BLOCK_CAPTURE_AUTORELEASING = YES;
				CLANG_WARN_BOOL_CONVERSION = YES;
				CLANG_WARN_COMMA = YES;
				CLANG_WARN_CONSTANT_CONVERSION = YES;
				CLANG_WARN_DEPRECATED_OBJC_IMPLEMENTATIONS = YES;
				CLANG_WARN_DIRECT_OBJC_ISA_USAGE = YES_ERROR;
				CLANG_WARN_DOCUMENTATION_COMMENTS = YES;
				CLANG_WARN_EMPTY_BODY = YES;
				CLANG_WARN_ENUM_CONVERSION = YES;
				CLANG_WARN_INFINITE_RECURSION = YES;
				CLANG_WARN_INT_CONVERSION = YES;
				CLANG_WARN_NON_LITERAL_NULL_CONVERSION = YES;
				CLANG_WARN_OBJC_IMPLICIT_RETAIN_SELF = YES;
				CLANG_WARN_OBJC_LITERAL_CONVERSION = YES;
				CLANG_WARN_OBJC_ROOT_CLASS = YES_ERROR;
				CLANG_WARN_RANGE_LOOP_ANALYSIS = YES;
				CLANG_WARN_STRICT_PROTOTYPES = YES;
				CLANG_WARN_SUSPICIOUS_MOVE = YES;
				CLANG_WARN_UNGUARDED_AVAILABILITY = YES_AGGRESSIVE;
				CLANG_WARN_UNREACHABLE_CODE = YES;
				CLANG_WARN__DUPLICATE_METHOD_MATCH = YES;
				CODE_SIGN_IDENTITY = "iPhone Developer";
				COPY_PHASE_STRIP = NO;
				DEBUG_INFORMATION_FORMAT = "dwarf-with-dsym";
				ENABLE_NS_ASSERTIONS = NO;
				ENABLE_STRICT_OBJC_MSGSEND = YES;
				GCC_C_LANGUAGE_STANDARD = gnu11;
				GCC_NO_COMMON_BLOCKS = YES;
				GCC_WARN_64_TO_32_BIT_CONVERSION = YES;
				GCC_WARN_ABOUT_RETURN_TYPE = YES_ERROR;
				GCC_WARN_UNDECLARED_SELECTOR = YES;
				GCC_WARN_UNINITIALIZED_AUTOS = YES_AGGRESSIVE;
				GCC_WARN_UNUSED_FUNCTION = YES;
				GCC_WARN_UNUSED_VARIABLE = YES;
				IPHONEOS_DEPLOYMENT_TARGET = 11.3;
				MTL_ENABLE_DEBUG_INFO = NO;
				SDKROOT = iphoneos;
				SWIFT_COMPILATION_MODE = wholemodule;
				SWIFT_OPTIMIZATION_LEVEL = "-O";
				VALIDATE_PRODUCT = YES;
			};
			name = Release;
		};
		AA227FFC20973CDB003C510F /* Debug */ = {
			isa = XCBuildConfiguration;
			buildSettings = {
				ASSETCATALOG_COMPILER_APPICON_NAME = AppIcon;
				CODE_SIGN_STYLE = Automatic;
				INFOPLIST_FILE = FirstAppSwift/Info.plist;
				LD_RUNPATH_SEARCH_PATHS = (
					"$(inherited)",
					"@executable_path/Frameworks",
				);
				PRODUCT_BUNDLE_IDENTIFIER = telefonica.FirstAppSwift;
				PRODUCT_NAME = "$(TARGET_NAME)";
				SWIFT_VERSION = 4.0;
				TARGETED_DEVICE_FAMILY = "1,2";
			};
			name = Debug;
		};
		AA227FFD20973CDB003C510F /* Release */ = {
			isa = XCBuildConfiguration;
			buildSettings = {
				ASSETCATALOG_COMPILER_APPICON_NAME = AppIcon;
				CODE_SIGN_STYLE = Automatic;
				INFOPLIST_FILE = FirstAppSwift/Info.plist;
				LD_RUNPATH_SEARCH_PATHS = (
					"$(inherited)",
					"@executable_path/Frameworks",
				);
				PRODUCT_BUNDLE_IDENTIFIER = telefonica.FirstAppSwift;
				PRODUCT_NAME = "$(TARGET_NAME)";
				SWIFT_VERSION = 4.0;
				TARGETED_DEVICE_FAMILY = "1,2";
			};
			name = Release;
		};
		AA227FFF20973CDB003C510F /* Debug */ = {
			isa = XCBuildConfiguration;
			buildSettings = {
				ALWAYS_EMBED_SWIFT_STANDARD_LIBRARIES = YES;
				BUNDLE_LOADER = "$(TEST_HOST)";
				CODE_SIGN_STYLE = Automatic;
				INFOPLIST_FILE = FirstAppSwiftTests/Info.plist;
				LD_RUNPATH_SEARCH_PATHS = (
					"$(inherited)",
					"@executable_path/Frameworks",
					"@loader_path/Frameworks",
				);
				PRODUCT_BUNDLE_IDENTIFIER = telefonica.FirstAppSwiftTests;
				PRODUCT_NAME = "$(TARGET_NAME)";
				SWIFT_VERSION = 4.0;
				TARGETED_DEVICE_FAMILY = "1,2";
				TEST_HOST = "$(BUILT_PRODUCTS_DIR)/FirstAppSwift.app/FirstAppSwift";
			};
			name = Debug;
		};
		AA22800020973CDB003C510F /* Release */ = {
			isa = XCBuildConfiguration;
			buildSettings = {
				ALWAYS_EMBED_SWIFT_STANDARD_LIBRARIES = YES;
				BUNDLE_LOADER = "$(TEST_HOST)";
				CODE_SIGN_STYLE = Automatic;
				INFOPLIST_FILE = FirstAppSwiftTests/Info.plist;
				LD_RUNPATH_SEARCH_PATHS = (
					"$(inherited)",
					"@executable_path/Frameworks",
					"@loader_path/Frameworks",
				);
				PRODUCT_BUNDLE_IDENTIFIER = telefonica.FirstAppSwiftTests;
				PRODUCT_NAME = "$(TARGET_NAME)";
				SWIFT_VERSION = 4.0;
				TARGETED_DEVICE_FAMILY = "1,2";
				TEST_HOST = "$(BUILT_PRODUCTS_DIR)/FirstAppSwift.app/FirstAppSwift";
			};
			name = Release;
		};
		AA22800220973CDB003C510F /* Debug */ = {
			isa = XCBuildConfiguration;
			buildSettings = {
				ALWAYS_EMBED_SWIFT_STANDARD_LIBRARIES = YES;
				CODE_SIGN_STYLE = Automatic;
				INFOPLIST_FILE = FirstAppSwiftUITests/Info.plist;
				LD_RUNPATH_SEARCH_PATHS = (
					"$(inherited)",
					"@executable_path/Frameworks",
					"@loader_path/Frameworks",
				);
				PRODUCT_BUNDLE_IDENTIFIER = telefonica.FirstAppSwiftUITests;
				PRODUCT_NAME = "$(TARGET_NAME)";
				SWIFT_VERSION = 4.0;
				TARGETED_DEVICE_FAMILY = "1,2";
				TEST_TARGET_NAME = FirstAppSwift;
			};
			name = Debug;
		};
		AA22800320973CDB003C510F /* Release */ = {
			isa = XCBuildConfiguration;
			buildSettings = {
				ALWAYS_EMBED_SWIFT_STANDARD_LIBRARIES = YES;
				CODE_SIGN_STYLE = Automatic;
				INFOPLIST_FILE = FirstAppSwiftUITests/Info.plist;
				LD_RUNPATH_SEARCH_PATHS = (
					"$(inherited)",
					"@executable_path/Frameworks",
					"@loader_path/Frameworks",
				);
				PRODUCT_BUNDLE_IDENTIFIER = telefonica.FirstAppSwiftUITests;
				PRODUCT_NAME = "$(TARGET_NAME)";
				SWIFT_VERSION = 4.0;
				TARGETED_DEVICE_FAMILY = "1,2";
				TEST_TARGET_NAME = FirstAppSwift;
			};
			name = Release;
		};
/* End XCBuildConfiguration section */

/* Begin XCConfigurationList section */
		AA227FCE20973CD9003C510F /* Build configuration list for PBXProject "FirstAppSwift" */ = {
			isa = XCConfigurationList;
			buildConfigurations = (
				AA227FF920973CDB003C510F /* Debug */,
				AA227FFA20973CDB003C510F /* Release */,
			);
			defaultConfigurationIsVisible = 0;
			defaultConfigurationName = Release;
		};
		AA227FFB20973CDB003C510F /* Build configuration list for PBXNativeTarget "FirstAppSwift" */ = {
			isa = XCConfigurationList;
			buildConfigurations = (
				AA227FFC20973CDB003C510F /* Debug */,
				AA227FFD20973CDB003C510F /* Release */,
			);
			defaultConfigurationIsVisible = 0;
			defaultConfigurationName = Release;
		};
		AA227FFE20973CDB003C510F /* Build configuration list for PBXNativeTarget "FirstAppSwiftTests" */ = {
			isa = XCConfigurationList;
			buildConfigurations = (
				AA227FFF20973CDB003C510F /* Debug */,
				AA22800020973CDB003C510F /* Release */,
			);
			defaultConfigurationIsVisible = 0;
			defaultConfigurationName = Release;
		};
		AA22800120973CDB003C510F /* Build configuration list for PBXNativeTarget "FirstAppSwiftUITests" */ = {
			isa = XCConfigurationList;
			buildConfigurations = (
				AA22800220973CDB003C510F /* Debug */,
				AA22800320973CDB003C510F /* Release */,
			);
			defaultConfigurationIsVisible = 0;
			defaultConfigurationName = Release;
		};
/* End XCConfigurationList section */
	};
	rootObject = AA227FCB20973CD9003C510F /* Project object */;
}
